PODS:
  - Alamofire (4.4.0)
  - GoogleMaps (2.2.0):
    - GoogleMaps/Maps (= 2.2.0)
  - GoogleMaps/Base (2.2.0)
  - GoogleMaps/Maps (2.2.0):
    - GoogleMaps/Base
  - ScrollableGraphView (3.1.0)

DEPENDENCIES:
  - Alamofire (~> 4.0)
  - GoogleMaps
  - ScrollableGraphView

SPEC CHECKSUMS:
  Alamofire: dc44b1600b800eb63da6a19039a0083d62a6a62d
  GoogleMaps: 104c418d61ab8a05dff06ed0784c25ea9d37da45
  ScrollableGraphView: e2c8bedc7bbb643e8ac57b9456070d68355c4e4c

PODFILE CHECKSUM: f074f392f3d92d74906631f49e7e3efc91e55482

COCOAPODS: 1.2.1
